<?xml version="1.0" encoding="utf-8"?>
<Project ToolsVersion="4.0" xmlns="http://schemas.microsoft.com/developer/msbuild/2003">
  <ItemGroup>
    <Filter Include="源文件">
      <UniqueIdentifier>{4FC737F1-C7A5-4376-A066-2A32D752A2FF}</UniqueIdentifier>
      <Extensions>cpp;c;cc;cxx;c++;cppm;ixx;def;odl;idl;hpj;bat;asm;asmx</Extensions>
    </Filter>
    <Filter Include="头文件">
      <UniqueIdentifier>{93995380-89BD-4b04-88EB-625FBE52EBFB}</UniqueIdentifier>
      <Extensions>h;hh;hpp;hxx;h++;hm;inl;inc;ipp;xsd</Extensions>
    </Filter>
    <Filter Include="资源文件">
      <UniqueIdentifier>{67DA6AB6-F800-4c08-8B7A-83BB121AAD01}</UniqueIdentifier>
      <Extensions>rc;ico;cur;bmp;dlg;rc2;rct;bin;rgs;gif;jpg;jpeg;jpe;resx;tiff;tif;png;wav;mfcribbon-ms</Extensions>
    </Filter>
    <Filter Include="头文件\linearlist">
      <UniqueIdentifier>{f16f94e6-ce53-4106-a1a1-720db6b70338}</UniqueIdentifier>
    </Filter>
    <Filter Include="头文件\linearlist_test">
      <UniqueIdentifier>{2c8e54d6-b912-499a-a237-e3cb4bd8de4a}</UniqueIdentifier>
    </Filter>
    <Filter Include="头文件\stackAndQueue">
      <UniqueIdentifier>{6aa4fa58-95b9-4de5-914d-30b3d3030e39}</UniqueIdentifier>
    </Filter>
    <Filter Include="头文件\stackAndQueue_test">
      <UniqueIdentifier>{fb548008-de59-456a-9b52-08759553c887}</UniqueIdentifier>
    </Filter>
    <Filter Include="头文件\String">
      <UniqueIdentifier>{617ddf72-35e0-4078-8b93-3e9c51e24f82}</UniqueIdentifier>
    </Filter>
    <Filter Include="头文件\String_test">
      <UniqueIdentifier>{77f5825a-7a0b-462e-b57d-d350d7a6eab1}</UniqueIdentifier>
    </Filter>
    <Filter Include="头文件\bin_tree">
      <UniqueIdentifier>{0d405bb1-3d8a-4711-8b91-b74ddd5695f1}</UniqueIdentifier>
    </Filter>
    <Filter Include="头文件\Search">
      <UniqueIdentifier>{00d2411a-be6b-4a8a-890f-088ccdbd3fad}</UniqueIdentifier>
    </Filter>
  </ItemGroup>
  <ItemGroup>
    <ClInclude Include="sequence_list.h">
      <Filter>头文件\linearlist</Filter>
    </ClInclude>
    <ClInclude Include="single_linked_list.h">
      <Filter>头文件\linearlist</Filter>
    </ClInclude>
    <ClInclude Include="double_linked_list.h">
      <Filter>头文件\linearlist</Filter>
    </ClInclude>
    <ClInclude Include="sequencelist_test.h">
      <Filter>头文件\linearlist_test</Filter>
    </ClInclude>
    <ClInclude Include="single_linked_list_test.h">
      <Filter>头文件\linearlist_test</Filter>
    </ClInclude>
    <ClInclude Include="double_linked_list_test.h">
      <Filter>头文件\linearlist_test</Filter>
    </ClInclude>
    <ClInclude Include="stack.h">
      <Filter>头文件\stackAndQueue</Filter>
    </ClInclude>
    <ClInclude Include="SeqStack.h">
      <Filter>头文件\stackAndQueue</Filter>
    </ClInclude>
    <ClInclude Include="SeqStack_test.h">
      <Filter>头文件\stackAndQueue_test</Filter>
    </ClInclude>
    <ClInclude Include="chainStack.h">
      <Filter>头文件\stackAndQueue</Filter>
    </ClInclude>
    <ClInclude Include="chainStack_test.h">
      <Filter>头文件\stackAndQueue_test</Filter>
    </ClInclude>
    <ClInclude Include="SeqQueue.h">
      <Filter>头文件\stackAndQueue</Filter>
    </ClInclude>
    <ClInclude Include="Queue.h">
      <Filter>头文件\stackAndQueue</Filter>
    </ClInclude>
    <ClInclude Include="SeqQueue_test.h">
      <Filter>头文件\stackAndQueue_test</Filter>
    </ClInclude>
    <ClInclude Include="CString.h">
      <Filter>头文件\String</Filter>
    </ClInclude>
    <ClInclude Include="CString_test.h">
      <Filter>头文件\String_test</Filter>
    </ClInclude>
    <ClInclude Include="String_pattern_matching.h">
      <Filter>头文件\String</Filter>
    </ClInclude>
    <ClInclude Include="bin_tree.hpp">
      <Filter>头文件\bin_tree</Filter>
    </ClInclude>
    <ClInclude Include="SeqSearch.h">
      <Filter>头文件\Search</Filter>
    </ClInclude>
    <ClInclude Include="BinSearch.h">
      <Filter>头文件\Search</Filter>
    </ClInclude>
  </ItemGroup>
  <ItemGroup>
    <ClCompile Include="test.cpp">
      <Filter>源文件</Filter>
    </ClCompile>
  </ItemGroup>
</Project>